
Microsoft Visual Studio Solution File, Format Version 12.00
Project("{FAE04EC0-301F-11D3-BF4B-00C04F79EFBC}") = "p4", "p4\p4.csproj", "{AFFC8650-480B-44A9-835D-8E65724CBD18}"
EndProject
Project("{FAE04EC0-301F-11D3-BF4B-00C04F79EFBC}") = "ClassLibrary", "ClassLibrary\ClassLibrary.csproj", "{FBA94E23-55B9-4584-B2E8-FD74EDB25538}"
EndProject
Project("{FAE04EC0-301F-11D3-BF4B-00C04F79EFBC}") = "Driver", "Driver\Driver.csproj", "{23BEB8D8-1D79-4317-BB76-9EAEABF15240}"
EndProject
Project("{FAE04EC0-301F-11D3-BF4B-00C04F79EFBC}") = "TestProject", "TestProject\TestProject.csproj", "{50594E7E-9CF1-4A95-A521-6803020696F4}"
EndProject
Global
	GlobalSection(SolutionConfigurationPlatforms) = preSolution
		Debug|Any CPU = Debug|Any CPU
		Release|Any CPU = Release|Any CPU
	EndGlobalSection
	GlobalSection(ProjectConfigurationPlatforms) = postSolution
		{AFFC8650-480B-44A9-835D-8E65724CBD18}.Debug|Any CPU.ActiveCfg = Debug|Any CPU
		{AFFC8650-480B-44A9-835D-8E65724CBD18}.Debug|Any CPU.Build.0 = Debug|Any CPU
		{AFFC8650-480B-44A9-835D-8E65724CBD18}.Release|Any CPU.ActiveCfg = Release|Any CPU
		{AFFC8650-480B-44A9-835D-8E65724CBD18}.Release|Any CPU.Build.0 = Release|Any CPU
		{FBA94E23-55B9-4584-B2E8-FD74EDB25538}.Debug|Any CPU.ActiveCfg = Debug|Any CPU
		{FBA94E23-55B9-4584-B2E8-FD74EDB25538}.Debug|Any CPU.Build.0 = Debug|Any CPU
		{FBA94E23-55B9-4584-B2E8-FD74EDB25538}.Release|Any CPU.ActiveCfg = Release|Any CPU
		{FBA94E23-55B9-4584-B2E8-FD74EDB25538}.Release|Any CPU.Build.0 = Release|Any CPU
		{23BEB8D8-1D79-4317-BB76-9EAEABF15240}.Debug|Any CPU.ActiveCfg = Debug|Any CPU
		{23BEB8D8-1D79-4317-BB76-9EAEABF15240}.Debug|Any CPU.Build.0 = Debug|Any CPU
		{23BEB8D8-1D79-4317-BB76-9EAEABF15240}.Release|Any CPU.ActiveCfg = Release|Any CPU
		{23BEB8D8-1D79-4317-BB76-9EAEABF15240}.Release|Any CPU.Build.0 = Release|Any CPU
		{50594E7E-9CF1-4A95-A521-6803020696F4}.Debug|Any CPU.ActiveCfg = Debug|Any CPU
		{50594E7E-9CF1-4A95-A521-6803020696F4}.Debug|Any CPU.Build.0 = Debug|Any CPU
		{50594E7E-9CF1-4A95-A521-6803020696F4}.Release|Any CPU.ActiveCfg = Release|Any CPU
		{50594E7E-9CF1-4A95-A521-6803020696F4}.Release|Any CPU.Build.0 = Release|Any CPU
	EndGlobalSection
EndGlobal
